
Microsoft Visual Studio Solution File, Format Version 12.00
# Visual Studio 2012
Project("{FAE04EC0-301F-11D3-BF4B-00C04F79EFBC}") = "MasterClassified", "MasterClassified\MasterClassified.csproj", "{B99C7D98-4A26-4DDD-89EA-EC8F12CB58A1}"
EndProject
Project("{FAE04EC0-301F-11D3-BF4B-00C04F79EFBC}") = "MC.Common", "MC.Common\MC.Common.csproj", "{186751BA-984B-46FA-B3E1-6F515445FEFD}"
EndProject
Project("{FAE04EC0-301F-11D3-BF4B-00C04F79EFBC}") = "MC.Buiness", "MC.Buiness\MC.Buiness.csproj", "{46465D08-9C0D-4E0B-A19B-5A8AC62B85C1}"
EndProject
Project("{FAE04EC0-301F-11D3-BF4B-00C04F79EFBC}") = "MC.DB", "MC.DB\MC.DB.csproj", "{C6755495-AB18-4634-8C3C-5CDD811B2DC0}"
EndProject
Global
	GlobalSection(SolutionConfigurationPlatforms) = preSolution
		Debug|Any CPU = Debug|Any CPU
		Release|Any CPU = Release|Any CPU
	EndGlobalSection
	GlobalSection(ProjectConfigurationPlatforms) = postSolution
		{B99C7D98-4A26-4DDD-89EA-EC8F12CB58A1}.Debug|Any CPU.ActiveCfg = Debug|Any CPU
		{B99C7D98-4A26-4DDD-89EA-EC8F12CB58A1}.Debug|Any CPU.Build.0 = Debug|Any CPU
		{B99C7D98-4A26-4DDD-89EA-EC8F12CB58A1}.Release|Any CPU.ActiveCfg = Release|Any CPU
		{B99C7D98-4A26-4DDD-89EA-EC8F12CB58A1}.Release|Any CPU.Build.0 = Release|Any CPU
		{186751BA-984B-46FA-B3E1-6F515445FEFD}.Debug|Any CPU.ActiveCfg = Debug|Any CPU
		{186751BA-984B-46FA-B3E1-6F515445FEFD}.Debug|Any CPU.Build.0 = Debug|Any CPU
		{186751BA-984B-46FA-B3E1-6F515445FEFD}.Release|Any CPU.ActiveCfg = Release|Any CPU
		{186751BA-984B-46FA-B3E1-6F515445FEFD}.Release|Any CPU.Build.0 = Release|Any CPU
		{46465D08-9C0D-4E0B-A19B-5A8AC62B85C1}.Debug|Any CPU.ActiveCfg = Debug|Any CPU
		{46465D08-9C0D-4E0B-A19B-5A8AC62B85C1}.Debug|Any CPU.Build.0 = Debug|Any CPU
		{46465D08-9C0D-4E0B-A19B-5A8AC62B85C1}.Release|Any CPU.ActiveCfg = Release|Any CPU
		{46465D08-9C0D-4E0B-A19B-5A8AC62B85C1}.Release|Any CPU.Build.0 = Release|Any CPU
		{C6755495-AB18-4634-8C3C-5CDD811B2DC0}.Debug|Any CPU.ActiveCfg = Debug|Any CPU
		{C6755495-AB18-4634-8C3C-5CDD811B2DC0}.Debug|Any CPU.Build.0 = Debug|Any CPU
		{C6755495-AB18-4634-8C3C-5CDD811B2DC0}.Release|Any CPU.ActiveCfg = Release|Any CPU
		{C6755495-AB18-4634-8C3C-5CDD811B2DC0}.Release|Any CPU.Build.0 = Release|Any CPU
	EndGlobalSection
	GlobalSection(SolutionProperties) = preSolution
		HideSolutionNode = FALSE
	EndGlobalSection
EndGlobal
